{
    "_readme": [
        "This file locks the dependencies of your project to a known state",
        "Read more about it at https://getcomposer.org/doc/01-basic-usage.md#installing-dependencies",
        "This file is @generated automatically"
    ],
    "content-hash": "70319d483abd1ac5eccd9b01054f59f3",
    "packages": [
        {
            "name": "abelcallejo/wordpress-environment",
            "version": "dev-master",
            "source": {
                "type": "git",
                "url": "https://github.com/abelcallejo/wordpress-environment.git",
                "reference": "ff784c8b66412f455d260576d22f63dd09ddcbaf"
            },
            "dist": {
                "type": "zip",
                "url": "https://api.github.com/repos/abelcallejo/wordpress-environment/zipball/ff784c8b66412f455d260576d22f63dd09ddcbaf",
                "reference": "ff784c8b66412f455d260576d22f63dd09ddcbaf",
                "shasum": ""
            },
            "require": {
                "php": ">=5.2.0"
            },
            "default-branch": true,
            "type": "library",
            "notification-url": "https://packagist.org/downloads/",
            "license": [
                "MIT"
            ],
            "description": "A wordpress library for easily getting the major environment variables",
            "homepage": "https://github.com/abelcallejo/wordpress-environment",
            "keywords": [
                "apache",
                "mysql",
                "os",
                "php",
                "version",
                "wordpress"
            ],
            "support": {
                "issues": "https://github.com/abelcallejo/wordpress-environment/issues",
                "source": "https://github.com/abelcallejo/wordpress-environment/tree/master"
            },
            "time": "2018-09-04T22:24:22+00:00"
        }
    ],
    "packages-dev": [],
    "aliases": [],
    "minimum-stability": "stable",
    "stability-flags": {
        "abelcallejo/wordpress-environment": 20
    },
    "prefer-stable": false,
    "prefer-lowest": false,
    "platform": [],
    "platform-dev": [],
    "plugin-api-version": "2.3.0"
}
